{
  "name": "chatting-applicaton",
  "version": "1.0.0",
  "lockfileVersion": 3,
  "requires": true,
  "packages": {
    "": {
      "name": "chatting-applicaton",
      "version": "1.0.0",
      "license": "ISC",
      "dependencies": {
        "chatting-applicaton": "file:"
      }
    },
    "node_modules/chatting-applicaton": {
      "resolved": "",
      "link": true
    }
  }
}
